
Microsoft Visual Studio Solution File, Format Version 12.00
# Visual Studio Version 16
VisualStudioVersion = 16.0.31019.35
MinimumVisualStudioVersion = 10.0.40219.1
Project("{9A19103F-16F7-4668-BE54-9A1E7A4F7556}") = "Ans1", "Ans1.csproj", "{C2299142-E464-4B6F-A0E0-A9A9C778757B}"
EndProject
Global
	GlobalSection(SolutionConfigurationPlatforms) = preSolution
		Debug|Any CPU = Debug|Any CPU
		Release|Any CPU = Release|Any CPU
	EndGlobalSection
	GlobalSection(ProjectConfigurationPlatforms) = postSolution
		{C2299142-E464-4B6F-A0E0-A9A9C778757B}.Debug|Any CPU.ActiveCfg = Debug|Any CPU
		{C2299142-E464-4B6F-A0E0-A9A9C778757B}.Debug|Any CPU.Build.0 = Debug|Any CPU
		{C2299142-E464-4B6F-A0E0-A9A9C778757B}.Release|Any CPU.ActiveCfg = Release|Any CPU
		{C2299142-E464-4B6F-A0E0-A9A9C778757B}.Release|Any CPU.Build.0 = Release|Any CPU
	EndGlobalSection
	GlobalSection(SolutionProperties) = preSolution
		HideSolutionNode = FALSE
	EndGlobalSection
	GlobalSection(ExtensibilityGlobals) = postSolution
		SolutionGuid = {14072678-09DB-4599-8415-202D3F6CB45A}
	EndGlobalSection
EndGlobal
