
Microsoft Visual Studio Solution File, Format Version 12.00
# Visual Studio Version 16
VisualStudioVersion = 16.0.31129.286
MinimumVisualStudioVersion = 10.0.40219.1
Project("{FAE04EC0-301F-11D3-BF4B-00C04F79EFBC}") = "OrderForms", "OrderForms.csproj", "{72CAFC1E-B9DE-40DF-9DCC-9A064441E156}"
EndProject
Project("{FAE04EC0-301F-11D3-BF4B-00C04F79EFBC}") = "OrderManageSystem", "..\OrderManageSystem\OrderManageSystem.csproj", "{EE69D17D-381B-46D0-ABED-527BA9C91DE5}"
EndProject
Global
	GlobalSection(SolutionConfigurationPlatforms) = preSolution
		Debug|Any CPU = Debug|Any CPU
		Release|Any CPU = Release|Any CPU
	EndGlobalSection
	GlobalSection(ProjectConfigurationPlatforms) = postSolution
		{72CAFC1E-B9DE-40DF-9DCC-9A064441E156}.Debug|Any CPU.ActiveCfg = Debug|Any CPU
		{72CAFC1E-B9DE-40DF-9DCC-9A064441E156}.Debug|Any CPU.Build.0 = Debug|Any CPU
		{72CAFC1E-B9DE-40DF-9DCC-9A064441E156}.Release|Any CPU.ActiveCfg = Release|Any CPU
		{72CAFC1E-B9DE-40DF-9DCC-9A064441E156}.Release|Any CPU.Build.0 = Release|Any CPU
		{EE69D17D-381B-46D0-ABED-527BA9C91DE5}.Debug|Any CPU.ActiveCfg = Debug|Any CPU
		{EE69D17D-381B-46D0-ABED-527BA9C91DE5}.Debug|Any CPU.Build.0 = Debug|Any CPU
		{EE69D17D-381B-46D0-ABED-527BA9C91DE5}.Release|Any CPU.ActiveCfg = Release|Any CPU
		{EE69D17D-381B-46D0-ABED-527BA9C91DE5}.Release|Any CPU.Build.0 = Release|Any CPU
	EndGlobalSection
	GlobalSection(SolutionProperties) = preSolution
		HideSolutionNode = FALSE
	EndGlobalSection
	GlobalSection(ExtensibilityGlobals) = postSolution
		SolutionGuid = {E9CBAB0C-70E3-4B4F-9316-A9D080A76702}
	EndGlobalSection
EndGlobal
